
Microsoft Visual Studio Solution File, Format Version 12.00
# Visual Studio Version 17
VisualStudioVersion = 17.14.36616.10 d17.14
MinimumVisualStudioVersion = 10.0.40219.1
Project("{FAE04EC0-301F-11D3-BF4B-00C04F79EFBC}") = "01-ChangeNumber", "01-ChangeNumber\01-ChangeNumber.csproj", "{D3781252-FA02-4729-BE94-E755DF412811}"
EndProject
Project("{FAE04EC0-301F-11D3-BF4B-00C04F79EFBC}") = "03-CountIndividualStrings", "03\03-CountIndividualStrings.csproj", "{70D96174-96ED-4AE1-8645-A06313691348}"
EndProject
Global
	GlobalSection(SolutionConfigurationPlatforms) = preSolution
		Debug|Any CPU = Debug|Any CPU
		Release|Any CPU = Release|Any CPU
	EndGlobalSection
	GlobalSection(ProjectConfigurationPlatforms) = postSolution
		{D3781252-FA02-4729-BE94-E755DF412811}.Debug|Any CPU.ActiveCfg = Debug|Any CPU
		{D3781252-FA02-4729-BE94-E755DF412811}.Debug|Any CPU.Build.0 = Debug|Any CPU
		{D3781252-FA02-4729-BE94-E755DF412811}.Release|Any CPU.ActiveCfg = Release|Any CPU
		{D3781252-FA02-4729-BE94-E755DF412811}.Release|Any CPU.Build.0 = Release|Any CPU
		{70D96174-96ED-4AE1-8645-A06313691348}.Debug|Any CPU.ActiveCfg = Debug|Any CPU
		{70D96174-96ED-4AE1-8645-A06313691348}.Debug|Any CPU.Build.0 = Debug|Any CPU
		{70D96174-96ED-4AE1-8645-A06313691348}.Release|Any CPU.ActiveCfg = Release|Any CPU
		{70D96174-96ED-4AE1-8645-A06313691348}.Release|Any CPU.Build.0 = Release|Any CPU
	EndGlobalSection
	GlobalSection(SolutionProperties) = preSolution
		HideSolutionNode = FALSE
	EndGlobalSection
	GlobalSection(ExtensibilityGlobals) = postSolution
		SolutionGuid = {5ADFC3B5-F2BD-4DAE-B678-BDF1DBB365D5}
	EndGlobalSection
EndGlobal
